
Microsoft Visual Studio Solution File, Format Version 12.00
# Visual Studio Version 16
VisualStudioVersion = 16.0.29613.14
MinimumVisualStudioVersion = 10.0.40219.1
Project("{9A19103F-16F7-4668-BE54-9A1E7A4F7556}") = "Builder", "Builder\Builder.csproj", "{391E29E0-305F-4450-845C-728A83FB8619}"
EndProject
Project("{9A19103F-16F7-4668-BE54-9A1E7A4F7556}") = "Painting", "Painting\Painting.csproj", "{C2A38666-D260-49A6-ADD1-82D6C701B5DD}"
EndProject
Project("{9A19103F-16F7-4668-BE54-9A1E7A4F7556}") = "Prototype", "Prototype\Prototype.csproj", "{43248D12-9D67-42EA-BB89-A8A7AEBABA0E}"
EndProject
Project("{FAE04EC0-301F-11D3-BF4B-00C04F79EFBC}") = "NewPat", "NewPat\NewPat.csproj", "{52F7DF31-3BFC-4FCA-8533-65830339367D}"
EndProject
Global
	GlobalSection(SolutionConfigurationPlatforms) = preSolution
		Debug|Any CPU = Debug|Any CPU
		Release|Any CPU = Release|Any CPU
	EndGlobalSection
	GlobalSection(ProjectConfigurationPlatforms) = postSolution
		{391E29E0-305F-4450-845C-728A83FB8619}.Debug|Any CPU.ActiveCfg = Debug|Any CPU
		{391E29E0-305F-4450-845C-728A83FB8619}.Debug|Any CPU.Build.0 = Debug|Any CPU
		{391E29E0-305F-4450-845C-728A83FB8619}.Release|Any CPU.ActiveCfg = Release|Any CPU
		{391E29E0-305F-4450-845C-728A83FB8619}.Release|Any CPU.Build.0 = Release|Any CPU
		{C2A38666-D260-49A6-ADD1-82D6C701B5DD}.Debug|Any CPU.ActiveCfg = Debug|Any CPU
		{C2A38666-D260-49A6-ADD1-82D6C701B5DD}.Debug|Any CPU.Build.0 = Debug|Any CPU
		{C2A38666-D260-49A6-ADD1-82D6C701B5DD}.Release|Any CPU.ActiveCfg = Release|Any CPU
		{C2A38666-D260-49A6-ADD1-82D6C701B5DD}.Release|Any CPU.Build.0 = Release|Any CPU
		{43248D12-9D67-42EA-BB89-A8A7AEBABA0E}.Debug|Any CPU.ActiveCfg = Debug|Any CPU
		{43248D12-9D67-42EA-BB89-A8A7AEBABA0E}.Debug|Any CPU.Build.0 = Debug|Any CPU
		{43248D12-9D67-42EA-BB89-A8A7AEBABA0E}.Release|Any CPU.ActiveCfg = Release|Any CPU
		{43248D12-9D67-42EA-BB89-A8A7AEBABA0E}.Release|Any CPU.Build.0 = Release|Any CPU
		{52F7DF31-3BFC-4FCA-8533-65830339367D}.Debug|Any CPU.ActiveCfg = Debug|Any CPU
		{52F7DF31-3BFC-4FCA-8533-65830339367D}.Debug|Any CPU.Build.0 = Debug|Any CPU
		{52F7DF31-3BFC-4FCA-8533-65830339367D}.Release|Any CPU.ActiveCfg = Release|Any CPU
		{52F7DF31-3BFC-4FCA-8533-65830339367D}.Release|Any CPU.Build.0 = Release|Any CPU
	EndGlobalSection
	GlobalSection(SolutionProperties) = preSolution
		HideSolutionNode = FALSE
	EndGlobalSection
	GlobalSection(ExtensibilityGlobals) = postSolution
		SolutionGuid = {539C6FC9-0150-4ECC-8C20-919F238ED277}
	EndGlobalSection
EndGlobal
